
Microsoft Visual Studio Solution File, Format Version 12.00
# Visual Studio Version 17
VisualStudioVersion = 17.3.32929.385
MinimumVisualStudioVersion = 10.0.40219.1
Project("{FAE04EC0-301F-11D3-BF4B-00C04F79EFBC}") = "VKR_Bot", "VKR_Bot\VKR_Bot.csproj", "{499F2BB4-55A1-4166-84DF-D1912B1F8604}"
EndProject
Global
	GlobalSection(SolutionConfigurationPlatforms) = preSolution
		Debug|Any CPU = Debug|Any CPU
		Release|Any CPU = Release|Any CPU
	EndGlobalSection
	GlobalSection(ProjectConfigurationPlatforms) = postSolution
		{499F2BB4-55A1-4166-84DF-D1912B1F8604}.Debug|Any CPU.ActiveCfg = Debug|Any CPU
		{499F2BB4-55A1-4166-84DF-D1912B1F8604}.Debug|Any CPU.Build.0 = Debug|Any CPU
		{499F2BB4-55A1-4166-84DF-D1912B1F8604}.Release|Any CPU.ActiveCfg = Release|Any CPU
		{499F2BB4-55A1-4166-84DF-D1912B1F8604}.Release|Any CPU.Build.0 = Release|Any CPU
	EndGlobalSection
	GlobalSection(SolutionProperties) = preSolution
		HideSolutionNode = FALSE
	EndGlobalSection
	GlobalSection(ExtensibilityGlobals) = postSolution
		SolutionGuid = {B58E54A4-CCA7-44EB-8E1A-228A1C445D1B}
	EndGlobalSection
EndGlobal
